
Microsoft Visual Studio Solution File, Format Version 12.00
# Visual Studio 15
VisualStudioVersion = 15.0.27004.2009
MinimumVisualStudioVersion = 10.0.40219.1
Project("{A07B5EB6-E848-4116-A8D0-A826331D98C6}") = "MovieDemo", "MovieDemo\MovieDemo.sfproj", "{6AF81C0D-8363-4BA4-A7E4-E2AF0A2C55CB}"
EndProject
Project("{9A19103F-16F7-4668-BE54-9A1E7A4F7556}") = "MoviePlatform", "MoviePlatform\MoviePlatform.csproj", "{E8240DC8-B944-4645-B154-A601633B9AA8}"
EndProject
Project("{FAE04EC0-301F-11D3-BF4B-00C04F79EFBC}") = "MovieService", "MovieService\MovieService.csproj", "{9CBD019C-1892-455D-BCA1-B54B68203FDE}"
EndProject
Global
	GlobalSection(SolutionConfigurationPlatforms) = preSolution
		Debug|Any CPU = Debug|Any CPU
		Debug|x64 = Debug|x64
		Release|Any CPU = Release|Any CPU
		Release|x64 = Release|x64
	EndGlobalSection
	GlobalSection(ProjectConfigurationPlatforms) = postSolution
		{6AF81C0D-8363-4BA4-A7E4-E2AF0A2C55CB}.Debug|Any CPU.ActiveCfg = Debug|x64
		{6AF81C0D-8363-4BA4-A7E4-E2AF0A2C55CB}.Debug|x64.ActiveCfg = Debug|x64
		{6AF81C0D-8363-4BA4-A7E4-E2AF0A2C55CB}.Debug|x64.Build.0 = Debug|x64
		{6AF81C0D-8363-4BA4-A7E4-E2AF0A2C55CB}.Debug|x64.Deploy.0 = Debug|x64
		{6AF81C0D-8363-4BA4-A7E4-E2AF0A2C55CB}.Release|Any CPU.ActiveCfg = Release|x64
		{6AF81C0D-8363-4BA4-A7E4-E2AF0A2C55CB}.Release|x64.ActiveCfg = Release|x64
		{6AF81C0D-8363-4BA4-A7E4-E2AF0A2C55CB}.Release|x64.Build.0 = Release|x64
		{6AF81C0D-8363-4BA4-A7E4-E2AF0A2C55CB}.Release|x64.Deploy.0 = Release|x64
		{E8240DC8-B944-4645-B154-A601633B9AA8}.Debug|Any CPU.ActiveCfg = Debug|Any CPU
		{E8240DC8-B944-4645-B154-A601633B9AA8}.Debug|Any CPU.Build.0 = Debug|Any CPU
		{E8240DC8-B944-4645-B154-A601633B9AA8}.Debug|x64.ActiveCfg = Debug|Any CPU
		{E8240DC8-B944-4645-B154-A601633B9AA8}.Debug|x64.Build.0 = Debug|Any CPU
		{E8240DC8-B944-4645-B154-A601633B9AA8}.Release|Any CPU.ActiveCfg = Release|Any CPU
		{E8240DC8-B944-4645-B154-A601633B9AA8}.Release|Any CPU.Build.0 = Release|Any CPU
		{E8240DC8-B944-4645-B154-A601633B9AA8}.Release|x64.ActiveCfg = Release|Any CPU
		{E8240DC8-B944-4645-B154-A601633B9AA8}.Release|x64.Build.0 = Release|Any CPU
		{9CBD019C-1892-455D-BCA1-B54B68203FDE}.Debug|Any CPU.ActiveCfg = Debug|x64
		{9CBD019C-1892-455D-BCA1-B54B68203FDE}.Debug|x64.ActiveCfg = Debug|x64
		{9CBD019C-1892-455D-BCA1-B54B68203FDE}.Debug|x64.Build.0 = Debug|x64
		{9CBD019C-1892-455D-BCA1-B54B68203FDE}.Release|Any CPU.ActiveCfg = Release|x64
		{9CBD019C-1892-455D-BCA1-B54B68203FDE}.Release|x64.ActiveCfg = Release|x64
		{9CBD019C-1892-455D-BCA1-B54B68203FDE}.Release|x64.Build.0 = Release|x64
	EndGlobalSection
	GlobalSection(SolutionProperties) = preSolution
		HideSolutionNode = FALSE
	EndGlobalSection
	GlobalSection(ExtensibilityGlobals) = postSolution
		SolutionGuid = {F7DBC17E-3EE2-405A-A9D2-08CA35DC69BC}
	EndGlobalSection
EndGlobal
